
Microsoft Visual Studio Solution File, Format Version 12.00
# Visual Studio Version 17
VisualStudioVersion = 17.4.33103.184
MinimumVisualStudioVersion = 10.0.40219.1
Project("{9A19103F-16F7-4668-BE54-9A1E7A4F7556}") = "TestApi", "TestApi\TestApi.csproj", "{D0D171C6-F629-495E-A527-1BDC3CB88491}"
EndProject
Project("{FAE04EC0-301F-11D3-BF4B-00C04F79EFBC}") = "Testable", "Testable\Testable.csproj", "{33FA7F77-8ABE-4EAE-853E-31AC64A1EEC9}"
EndProject
Global
	GlobalSection(SolutionConfigurationPlatforms) = preSolution
		Debug|Any CPU = Debug|Any CPU
		Release|Any CPU = Release|Any CPU
	EndGlobalSection
	GlobalSection(ProjectConfigurationPlatforms) = postSolution
		{D0D171C6-F629-495E-A527-1BDC3CB88491}.Debug|Any CPU.ActiveCfg = Debug|Any CPU
		{D0D171C6-F629-495E-A527-1BDC3CB88491}.Debug|Any CPU.Build.0 = Debug|Any CPU
		{D0D171C6-F629-495E-A527-1BDC3CB88491}.Release|Any CPU.ActiveCfg = Release|Any CPU
		{D0D171C6-F629-495E-A527-1BDC3CB88491}.Release|Any CPU.Build.0 = Release|Any CPU
		{33FA7F77-8ABE-4EAE-853E-31AC64A1EEC9}.Debug|Any CPU.ActiveCfg = Debug|Any CPU
		{33FA7F77-8ABE-4EAE-853E-31AC64A1EEC9}.Debug|Any CPU.Build.0 = Debug|Any CPU
		{33FA7F77-8ABE-4EAE-853E-31AC64A1EEC9}.Release|Any CPU.ActiveCfg = Release|Any CPU
		{33FA7F77-8ABE-4EAE-853E-31AC64A1EEC9}.Release|Any CPU.Build.0 = Release|Any CPU
	EndGlobalSection
	GlobalSection(SolutionProperties) = preSolution
		HideSolutionNode = FALSE
	EndGlobalSection
	GlobalSection(ExtensibilityGlobals) = postSolution
		SolutionGuid = {59FBF03F-4D09-4493-A699-3DEF5BDC5A9D}
	EndGlobalSection
EndGlobal
